
Microsoft Visual Studio Solution File, Format Version 12.00
# Visual Studio Version 16
VisualStudioVersion = 16.0.30503.244
MinimumVisualStudioVersion = 10.0.40219.1
Project("{9A19103F-16F7-4668-BE54-9A1E7A4F7556}") = "WF", "VIS_PORJEKT_CORE\WF.csproj", "{73AFEFB1-D3F2-4BA1-AB1D-3510E4AADF9E}"
EndProject
Project("{9A19103F-16F7-4668-BE54-9A1E7A4F7556}") = "PresentationLayer", "PresentationLayer\PresentationLayer.csproj", "{DF1976E8-1083-457C-84B4-0CC2EBD3E3EB}"
EndProject
Project("{9A19103F-16F7-4668-BE54-9A1E7A4F7556}") = "DTO", "DTO\DTO.csproj", "{91BD8A4B-A60A-4F55-A351-20BF8CA4C49E}"
EndProject
Project("{9A19103F-16F7-4668-BE54-9A1E7A4F7556}") = "BusinessLayer", "BusinessLayer\BusinessLayer.csproj", "{5696FA04-AF39-4143-A827-A25E3EFEAAD9}"
EndProject
Project("{9A19103F-16F7-4668-BE54-9A1E7A4F7556}") = "DataLayer", "DataLayer\DataLayer.csproj", "{01E9DCAD-EE0B-4AE3-A931-6CC6C89408AE}"
EndProject
Project("{9A19103F-16F7-4668-BE54-9A1E7A4F7556}") = "ASP", "ASP\ASP.csproj", "{6A786DCF-0AA8-4D4C-AB7E-0A31D7B8F652}"
EndProject
Global
	GlobalSection(SolutionConfigurationPlatforms) = preSolution
		Debug|Any CPU = Debug|Any CPU
		Release|Any CPU = Release|Any CPU
	EndGlobalSection
	GlobalSection(ProjectConfigurationPlatforms) = postSolution
		{73AFEFB1-D3F2-4BA1-AB1D-3510E4AADF9E}.Debug|Any CPU.ActiveCfg = Debug|Any CPU
		{73AFEFB1-D3F2-4BA1-AB1D-3510E4AADF9E}.Debug|Any CPU.Build.0 = Debug|Any CPU
		{73AFEFB1-D3F2-4BA1-AB1D-3510E4AADF9E}.Release|Any CPU.ActiveCfg = Release|Any CPU
		{73AFEFB1-D3F2-4BA1-AB1D-3510E4AADF9E}.Release|Any CPU.Build.0 = Release|Any CPU
		{DF1976E8-1083-457C-84B4-0CC2EBD3E3EB}.Debug|Any CPU.ActiveCfg = Debug|Any CPU
		{DF1976E8-1083-457C-84B4-0CC2EBD3E3EB}.Debug|Any CPU.Build.0 = Debug|Any CPU
		{DF1976E8-1083-457C-84B4-0CC2EBD3E3EB}.Release|Any CPU.ActiveCfg = Release|Any CPU
		{DF1976E8-1083-457C-84B4-0CC2EBD3E3EB}.Release|Any CPU.Build.0 = Release|Any CPU
		{91BD8A4B-A60A-4F55-A351-20BF8CA4C49E}.Debug|Any CPU.ActiveCfg = Debug|Any CPU
		{91BD8A4B-A60A-4F55-A351-20BF8CA4C49E}.Debug|Any CPU.Build.0 = Debug|Any CPU
		{91BD8A4B-A60A-4F55-A351-20BF8CA4C49E}.Release|Any CPU.ActiveCfg = Release|Any CPU
		{91BD8A4B-A60A-4F55-A351-20BF8CA4C49E}.Release|Any CPU.Build.0 = Release|Any CPU
		{5696FA04-AF39-4143-A827-A25E3EFEAAD9}.Debug|Any CPU.ActiveCfg = Debug|Any CPU
		{5696FA04-AF39-4143-A827-A25E3EFEAAD9}.Debug|Any CPU.Build.0 = Debug|Any CPU
		{5696FA04-AF39-4143-A827-A25E3EFEAAD9}.Release|Any CPU.ActiveCfg = Release|Any CPU
		{5696FA04-AF39-4143-A827-A25E3EFEAAD9}.Release|Any CPU.Build.0 = Release|Any CPU
		{01E9DCAD-EE0B-4AE3-A931-6CC6C89408AE}.Debug|Any CPU.ActiveCfg = Debug|Any CPU
		{01E9DCAD-EE0B-4AE3-A931-6CC6C89408AE}.Debug|Any CPU.Build.0 = Debug|Any CPU
		{01E9DCAD-EE0B-4AE3-A931-6CC6C89408AE}.Release|Any CPU.ActiveCfg = Release|Any CPU
		{01E9DCAD-EE0B-4AE3-A931-6CC6C89408AE}.Release|Any CPU.Build.0 = Release|Any CPU
		{6A786DCF-0AA8-4D4C-AB7E-0A31D7B8F652}.Debug|Any CPU.ActiveCfg = Debug|Any CPU
		{6A786DCF-0AA8-4D4C-AB7E-0A31D7B8F652}.Debug|Any CPU.Build.0 = Debug|Any CPU
		{6A786DCF-0AA8-4D4C-AB7E-0A31D7B8F652}.Release|Any CPU.ActiveCfg = Release|Any CPU
		{6A786DCF-0AA8-4D4C-AB7E-0A31D7B8F652}.Release|Any CPU.Build.0 = Release|Any CPU
	EndGlobalSection
	GlobalSection(SolutionProperties) = preSolution
		HideSolutionNode = FALSE
	EndGlobalSection
	GlobalSection(ExtensibilityGlobals) = postSolution
		SolutionGuid = {83C2D0AE-51A4-4F9E-8204-D5EEFA5A8415}
	EndGlobalSection
EndGlobal
